
Microsoft Visual Studio Solution File, Format Version 12.00
# Visual Studio Version 16
VisualStudioVersion = 16.0.30621.155
MinimumVisualStudioVersion = 10.0.40219.1
Project("{FAE04EC0-301F-11D3-BF4B-00C04F79EFBC}") = "JoeAndBobCash", "JoeAndBobCash\JoeAndBobCash.csproj", "{BD84366D-2967-46C2-A855-EBECD364188C}"
EndProject
Global
	GlobalSection(SolutionConfigurationPlatforms) = preSolution
		Debug|Any CPU = Debug|Any CPU
		Release|Any CPU = Release|Any CPU
	EndGlobalSection
	GlobalSection(ProjectConfigurationPlatforms) = postSolution
		{BD84366D-2967-46C2-A855-EBECD364188C}.Debug|Any CPU.ActiveCfg = Debug|Any CPU
		{BD84366D-2967-46C2-A855-EBECD364188C}.Debug|Any CPU.Build.0 = Debug|Any CPU
		{BD84366D-2967-46C2-A855-EBECD364188C}.Release|Any CPU.ActiveCfg = Release|Any CPU
		{BD84366D-2967-46C2-A855-EBECD364188C}.Release|Any CPU.Build.0 = Release|Any CPU
	EndGlobalSection
	GlobalSection(SolutionProperties) = preSolution
		HideSolutionNode = FALSE
	EndGlobalSection
	GlobalSection(ExtensibilityGlobals) = postSolution
		SolutionGuid = {D6E6F6F4-A176-412A-953F-80F22026EA4F}
	EndGlobalSection
EndGlobal
